
Microsoft Visual Studio Solution File, Format Version 12.00
# Visual Studio 2012
Project("{FAE04EC0-301F-11D3-BF4B-00C04F79EFBC}") = "Efirm", "Efirm\Efirm.csproj", "{7A39E870-9D76-44BE-A2FC-704721619433}"
EndProject
Project("{FAE04EC0-301F-11D3-BF4B-00C04F79EFBC}") = "FirmElect.Bus", "FirmElect.Bus\FirmElect.Bus.csproj", "{AE0D2EBE-1FA9-451A-8C8E-6B1B72094BB1}"
EndProject
Project("{FAE04EC0-301F-11D3-BF4B-00C04F79EFBC}") = "FirmElect.Info", "FirmElect.Info\FirmElect.Info.csproj", "{A739BEEE-CD06-4647-84A4-8E76BED4A54A}"
EndProject
Project("{FAE04EC0-301F-11D3-BF4B-00C04F79EFBC}") = "FirmElect.Recursos", "FirmElect.Recursos\FirmElect.Recursos.csproj", "{5AE804F3-3EE4-4FC9-BE51-6E92956F6084}"
EndProject
Project("{FAE04EC0-301F-11D3-BF4B-00C04F79EFBC}") = "FirmElect.Data", "FirmElect.Data\FirmElect.Data.csproj", "{8B7A25BB-77A7-4972-902D-50D8E0F8271C}"
EndProject
Project("{FAE04EC0-301F-11D3-BF4B-00C04F79EFBC}") = "FirmElect.Reports", "FirmElect.Reports\FirmElect.Reports.csproj", "{6892BBCC-3807-4C3F-B815-B279FF7CB172}"
EndProject
Project("{FAE04EC0-301F-11D3-BF4B-00C04F79EFBC}") = "MailEfirm", "MailEfirm\MailEfirm.csproj", "{352897AF-0E7F-4327-B89D-30BFFB29990E}"
EndProject
Project("{FAE04EC0-301F-11D3-BF4B-00C04F79EFBC}") = "WS_Efirm", "WS_Efirm\WS_Efirm.csproj", "{24E3E5F8-E30B-443C-8FFC-D8DBD60546BF}"
EndProject
Project("{00D1A9C2-B5F0-4AF3-8072-F6C62B433612}") = "DBFacturacion_Electronica", "DBFacturacion_Electronica\DBFacturacion_Electronica.sqlproj", "{CAAC0737-0552-4975-9F2A-73E143E675F4}"
EndProject
Project("{FAE04EC0-301F-11D3-BF4B-00C04F79EFBC}") = "FirmaElect.GenerarXML", "FirmaElect.GenerarXML\FirmaElect.GenerarXML.csproj", "{314A8B6A-9344-4C8E-BC6A-9FFF8337AC6D}"
EndProject
Global
	GlobalSection(SolutionConfigurationPlatforms) = preSolution
		CD_ROM|Any CPU = CD_ROM|Any CPU
		Debug|Any CPU = Debug|Any CPU
		DVD-5|Any CPU = DVD-5|Any CPU
		Release|Any CPU = Release|Any CPU
		SingleImage|Any CPU = SingleImage|Any CPU
	EndGlobalSection
	GlobalSection(ProjectConfigurationPlatforms) = postSolution
		{7A39E870-9D76-44BE-A2FC-704721619433}.CD_ROM|Any CPU.ActiveCfg = Release|Any CPU
		{7A39E870-9D76-44BE-A2FC-704721619433}.CD_ROM|Any CPU.Build.0 = Release|Any CPU
		{7A39E870-9D76-44BE-A2FC-704721619433}.Debug|Any CPU.ActiveCfg = Debug|Any CPU
		{7A39E870-9D76-44BE-A2FC-704721619433}.Debug|Any CPU.Build.0 = Debug|Any CPU
		{7A39E870-9D76-44BE-A2FC-704721619433}.DVD-5|Any CPU.ActiveCfg = Debug|Any CPU
		{7A39E870-9D76-44BE-A2FC-704721619433}.DVD-5|Any CPU.Build.0 = Debug|Any CPU
		{7A39E870-9D76-44BE-A2FC-704721619433}.Release|Any CPU.ActiveCfg = Release|Any CPU
		{7A39E870-9D76-44BE-A2FC-704721619433}.Release|Any CPU.Build.0 = Release|Any CPU
		{7A39E870-9D76-44BE-A2FC-704721619433}.SingleImage|Any CPU.ActiveCfg = Release|Any CPU
		{7A39E870-9D76-44BE-A2FC-704721619433}.SingleImage|Any CPU.Build.0 = Release|Any CPU
		{AE0D2EBE-1FA9-451A-8C8E-6B1B72094BB1}.CD_ROM|Any CPU.ActiveCfg = Release|Any CPU
		{AE0D2EBE-1FA9-451A-8C8E-6B1B72094BB1}.CD_ROM|Any CPU.Build.0 = Release|Any CPU
		{AE0D2EBE-1FA9-451A-8C8E-6B1B72094BB1}.Debug|Any CPU.ActiveCfg = Debug|Any CPU
		{AE0D2EBE-1FA9-451A-8C8E-6B1B72094BB1}.Debug|Any CPU.Build.0 = Debug|Any CPU
		{AE0D2EBE-1FA9-451A-8C8E-6B1B72094BB1}.DVD-5|Any CPU.ActiveCfg = Debug|Any CPU
		{AE0D2EBE-1FA9-451A-8C8E-6B1B72094BB1}.DVD-5|Any CPU.Build.0 = Debug|Any CPU
		{AE0D2EBE-1FA9-451A-8C8E-6B1B72094BB1}.Release|Any CPU.ActiveCfg = Release|Any CPU
		{AE0D2EBE-1FA9-451A-8C8E-6B1B72094BB1}.Release|Any CPU.Build.0 = Release|Any CPU
		{AE0D2EBE-1FA9-451A-8C8E-6B1B72094BB1}.SingleImage|Any CPU.ActiveCfg = Release|Any CPU
		{AE0D2EBE-1FA9-451A-8C8E-6B1B72094BB1}.SingleImage|Any CPU.Build.0 = Release|Any CPU
		{A739BEEE-CD06-4647-84A4-8E76BED4A54A}.CD_ROM|Any CPU.ActiveCfg = Release|Any CPU
		{A739BEEE-CD06-4647-84A4-8E76BED4A54A}.CD_ROM|Any CPU.Build.0 = Release|Any CPU
		{A739BEEE-CD06-4647-84A4-8E76BED4A54A}.Debug|Any CPU.ActiveCfg = Debug|Any CPU
		{A739BEEE-CD06-4647-84A4-8E76BED4A54A}.Debug|Any CPU.Build.0 = Debug|Any CPU
		{A739BEEE-CD06-4647-84A4-8E76BED4A54A}.DVD-5|Any CPU.ActiveCfg = Debug|Any CPU
		{A739BEEE-CD06-4647-84A4-8E76BED4A54A}.DVD-5|Any CPU.Build.0 = Debug|Any CPU
		{A739BEEE-CD06-4647-84A4-8E76BED4A54A}.Release|Any CPU.ActiveCfg = Release|Any CPU
		{A739BEEE-CD06-4647-84A4-8E76BED4A54A}.Release|Any CPU.Build.0 = Release|Any CPU
		{A739BEEE-CD06-4647-84A4-8E76BED4A54A}.SingleImage|Any CPU.ActiveCfg = Release|Any CPU
		{A739BEEE-CD06-4647-84A4-8E76BED4A54A}.SingleImage|Any CPU.Build.0 = Release|Any CPU
		{5AE804F3-3EE4-4FC9-BE51-6E92956F6084}.CD_ROM|Any CPU.ActiveCfg = Release|Any CPU
		{5AE804F3-3EE4-4FC9-BE51-6E92956F6084}.CD_ROM|Any CPU.Build.0 = Release|Any CPU
		{5AE804F3-3EE4-4FC9-BE51-6E92956F6084}.Debug|Any CPU.ActiveCfg = Debug|Any CPU
		{5AE804F3-3EE4-4FC9-BE51-6E92956F6084}.Debug|Any CPU.Build.0 = Debug|Any CPU
		{5AE804F3-3EE4-4FC9-BE51-6E92956F6084}.DVD-5|Any CPU.ActiveCfg = Debug|Any CPU
		{5AE804F3-3EE4-4FC9-BE51-6E92956F6084}.DVD-5|Any CPU.Build.0 = Debug|Any CPU
		{5AE804F3-3EE4-4FC9-BE51-6E92956F6084}.Release|Any CPU.ActiveCfg = Release|Any CPU
		{5AE804F3-3EE4-4FC9-BE51-6E92956F6084}.Release|Any CPU.Build.0 = Release|Any CPU
		{5AE804F3-3EE4-4FC9-BE51-6E92956F6084}.SingleImage|Any CPU.ActiveCfg = Release|Any CPU
		{5AE804F3-3EE4-4FC9-BE51-6E92956F6084}.SingleImage|Any CPU.Build.0 = Release|Any CPU
		{8B7A25BB-77A7-4972-902D-50D8E0F8271C}.CD_ROM|Any CPU.ActiveCfg = Release|Any CPU
		{8B7A25BB-77A7-4972-902D-50D8E0F8271C}.CD_ROM|Any CPU.Build.0 = Release|Any CPU
		{8B7A25BB-77A7-4972-902D-50D8E0F8271C}.Debug|Any CPU.ActiveCfg = Debug|Any CPU
		{8B7A25BB-77A7-4972-902D-50D8E0F8271C}.Debug|Any CPU.Build.0 = Debug|Any CPU
		{8B7A25BB-77A7-4972-902D-50D8E0F8271C}.DVD-5|Any CPU.ActiveCfg = Debug|Any CPU
		{8B7A25BB-77A7-4972-902D-50D8E0F8271C}.DVD-5|Any CPU.Build.0 = Debug|Any CPU
		{8B7A25BB-77A7-4972-902D-50D8E0F8271C}.Release|Any CPU.ActiveCfg = Release|Any CPU
		{8B7A25BB-77A7-4972-902D-50D8E0F8271C}.Release|Any CPU.Build.0 = Release|Any CPU
		{8B7A25BB-77A7-4972-902D-50D8E0F8271C}.SingleImage|Any CPU.ActiveCfg = Release|Any CPU
		{8B7A25BB-77A7-4972-902D-50D8E0F8271C}.SingleImage|Any CPU.Build.0 = Release|Any CPU
		{6892BBCC-3807-4C3F-B815-B279FF7CB172}.CD_ROM|Any CPU.ActiveCfg = Release|Any CPU
		{6892BBCC-3807-4C3F-B815-B279FF7CB172}.CD_ROM|Any CPU.Build.0 = Release|Any CPU
		{6892BBCC-3807-4C3F-B815-B279FF7CB172}.Debug|Any CPU.ActiveCfg = Debug|Any CPU
		{6892BBCC-3807-4C3F-B815-B279FF7CB172}.Debug|Any CPU.Build.0 = Debug|Any CPU
		{6892BBCC-3807-4C3F-B815-B279FF7CB172}.DVD-5|Any CPU.ActiveCfg = Debug|Any CPU
		{6892BBCC-3807-4C3F-B815-B279FF7CB172}.DVD-5|Any CPU.Build.0 = Debug|Any CPU
		{6892BBCC-3807-4C3F-B815-B279FF7CB172}.Release|Any CPU.ActiveCfg = Release|Any CPU
		{6892BBCC-3807-4C3F-B815-B279FF7CB172}.Release|Any CPU.Build.0 = Release|Any CPU
		{6892BBCC-3807-4C3F-B815-B279FF7CB172}.SingleImage|Any CPU.ActiveCfg = Release|Any CPU
		{6892BBCC-3807-4C3F-B815-B279FF7CB172}.SingleImage|Any CPU.Build.0 = Release|Any CPU
		{352897AF-0E7F-4327-B89D-30BFFB29990E}.CD_ROM|Any CPU.ActiveCfg = Release|Any CPU
		{352897AF-0E7F-4327-B89D-30BFFB29990E}.CD_ROM|Any CPU.Build.0 = Release|Any CPU
		{352897AF-0E7F-4327-B89D-30BFFB29990E}.Debug|Any CPU.ActiveCfg = Debug|Any CPU
		{352897AF-0E7F-4327-B89D-30BFFB29990E}.Debug|Any CPU.Build.0 = Debug|Any CPU
		{352897AF-0E7F-4327-B89D-30BFFB29990E}.DVD-5|Any CPU.ActiveCfg = Debug|Any CPU
		{352897AF-0E7F-4327-B89D-30BFFB29990E}.DVD-5|Any CPU.Build.0 = Debug|Any CPU
		{352897AF-0E7F-4327-B89D-30BFFB29990E}.Release|Any CPU.ActiveCfg = Release|Any CPU
		{352897AF-0E7F-4327-B89D-30BFFB29990E}.Release|Any CPU.Build.0 = Release|Any CPU
		{352897AF-0E7F-4327-B89D-30BFFB29990E}.SingleImage|Any CPU.ActiveCfg = Release|Any CPU
		{352897AF-0E7F-4327-B89D-30BFFB29990E}.SingleImage|Any CPU.Build.0 = Release|Any CPU
		{24E3E5F8-E30B-443C-8FFC-D8DBD60546BF}.CD_ROM|Any CPU.ActiveCfg = Release|Any CPU
		{24E3E5F8-E30B-443C-8FFC-D8DBD60546BF}.CD_ROM|Any CPU.Build.0 = Release|Any CPU
		{24E3E5F8-E30B-443C-8FFC-D8DBD60546BF}.Debug|Any CPU.ActiveCfg = Debug|Any CPU
		{24E3E5F8-E30B-443C-8FFC-D8DBD60546BF}.Debug|Any CPU.Build.0 = Debug|Any CPU
		{24E3E5F8-E30B-443C-8FFC-D8DBD60546BF}.DVD-5|Any CPU.ActiveCfg = Debug|Any CPU
		{24E3E5F8-E30B-443C-8FFC-D8DBD60546BF}.DVD-5|Any CPU.Build.0 = Debug|Any CPU
		{24E3E5F8-E30B-443C-8FFC-D8DBD60546BF}.Release|Any CPU.ActiveCfg = Release|Any CPU
		{24E3E5F8-E30B-443C-8FFC-D8DBD60546BF}.Release|Any CPU.Build.0 = Release|Any CPU
		{24E3E5F8-E30B-443C-8FFC-D8DBD60546BF}.SingleImage|Any CPU.ActiveCfg = Release|Any CPU
		{24E3E5F8-E30B-443C-8FFC-D8DBD60546BF}.SingleImage|Any CPU.Build.0 = Release|Any CPU
		{CAAC0737-0552-4975-9F2A-73E143E675F4}.CD_ROM|Any CPU.ActiveCfg = Release|Any CPU
		{CAAC0737-0552-4975-9F2A-73E143E675F4}.CD_ROM|Any CPU.Build.0 = Release|Any CPU
		{CAAC0737-0552-4975-9F2A-73E143E675F4}.CD_ROM|Any CPU.Deploy.0 = Release|Any CPU
		{CAAC0737-0552-4975-9F2A-73E143E675F4}.Debug|Any CPU.ActiveCfg = Debug|Any CPU
		{CAAC0737-0552-4975-9F2A-73E143E675F4}.Debug|Any CPU.Build.0 = Debug|Any CPU
		{CAAC0737-0552-4975-9F2A-73E143E675F4}.Debug|Any CPU.Deploy.0 = Debug|Any CPU
		{CAAC0737-0552-4975-9F2A-73E143E675F4}.DVD-5|Any CPU.ActiveCfg = Debug|Any CPU
		{CAAC0737-0552-4975-9F2A-73E143E675F4}.DVD-5|Any CPU.Build.0 = Debug|Any CPU
		{CAAC0737-0552-4975-9F2A-73E143E675F4}.DVD-5|Any CPU.Deploy.0 = Debug|Any CPU
		{CAAC0737-0552-4975-9F2A-73E143E675F4}.Release|Any CPU.ActiveCfg = Release|Any CPU
		{CAAC0737-0552-4975-9F2A-73E143E675F4}.Release|Any CPU.Build.0 = Release|Any CPU
		{CAAC0737-0552-4975-9F2A-73E143E675F4}.Release|Any CPU.Deploy.0 = Release|Any CPU
		{CAAC0737-0552-4975-9F2A-73E143E675F4}.SingleImage|Any CPU.ActiveCfg = Release|Any CPU
		{CAAC0737-0552-4975-9F2A-73E143E675F4}.SingleImage|Any CPU.Build.0 = Release|Any CPU
		{CAAC0737-0552-4975-9F2A-73E143E675F4}.SingleImage|Any CPU.Deploy.0 = Release|Any CPU
		{314A8B6A-9344-4C8E-BC6A-9FFF8337AC6D}.CD_ROM|Any CPU.ActiveCfg = Release|Any CPU
		{314A8B6A-9344-4C8E-BC6A-9FFF8337AC6D}.CD_ROM|Any CPU.Build.0 = Release|Any CPU
		{314A8B6A-9344-4C8E-BC6A-9FFF8337AC6D}.Debug|Any CPU.ActiveCfg = Debug|Any CPU
		{314A8B6A-9344-4C8E-BC6A-9FFF8337AC6D}.Debug|Any CPU.Build.0 = Debug|Any CPU
		{314A8B6A-9344-4C8E-BC6A-9FFF8337AC6D}.DVD-5|Any CPU.ActiveCfg = Debug|Any CPU
		{314A8B6A-9344-4C8E-BC6A-9FFF8337AC6D}.DVD-5|Any CPU.Build.0 = Debug|Any CPU
		{314A8B6A-9344-4C8E-BC6A-9FFF8337AC6D}.Release|Any CPU.ActiveCfg = Release|Any CPU
		{314A8B6A-9344-4C8E-BC6A-9FFF8337AC6D}.Release|Any CPU.Build.0 = Release|Any CPU
		{314A8B6A-9344-4C8E-BC6A-9FFF8337AC6D}.SingleImage|Any CPU.ActiveCfg = Release|Any CPU
		{314A8B6A-9344-4C8E-BC6A-9FFF8337AC6D}.SingleImage|Any CPU.Build.0 = Release|Any CPU
	EndGlobalSection
	GlobalSection(SolutionProperties) = preSolution
		HideSolutionNode = FALSE
	EndGlobalSection
EndGlobal
